
Microsoft Visual Studio Solution File, Format Version 12.00
# Visual Studio 15
VisualStudioVersion = 15.0.28307.329
MinimumVisualStudioVersion = 10.0.40219.1
Project("{FAE04EC0-301F-11D3-BF4B-00C04F79EFBC}") = "branchingPractice", "BranchingPracice\branchingPractice.csproj", "{27E68162-6B09-4CF6-9FB5-2DB69CBB558E}"
EndProject
Global
	GlobalSection(SolutionConfigurationPlatforms) = preSolution
		Debug|Any CPU = Debug|Any CPU
		Release|Any CPU = Release|Any CPU
	EndGlobalSection
	GlobalSection(ProjectConfigurationPlatforms) = postSolution
		{27E68162-6B09-4CF6-9FB5-2DB69CBB558E}.Debug|Any CPU.ActiveCfg = Debug|Any CPU
		{27E68162-6B09-4CF6-9FB5-2DB69CBB558E}.Debug|Any CPU.Build.0 = Debug|Any CPU
		{27E68162-6B09-4CF6-9FB5-2DB69CBB558E}.Release|Any CPU.ActiveCfg = Release|Any CPU
		{27E68162-6B09-4CF6-9FB5-2DB69CBB558E}.Release|Any CPU.Build.0 = Release|Any CPU
	EndGlobalSection
	GlobalSection(SolutionProperties) = preSolution
		HideSolutionNode = FALSE
	EndGlobalSection
	GlobalSection(ExtensibilityGlobals) = postSolution
		SolutionGuid = {A91366CA-0EA8-49BF-8E6B-0544CF047B02}
	EndGlobalSection
EndGlobal
