
Microsoft Visual Studio Solution File, Format Version 12.00
# Visual Studio 15
VisualStudioVersion = 15.0.28307.329
MinimumVisualStudioVersion = 10.0.40219.1
Project("{FAE04EC0-301F-11D3-BF4B-00C04F79EFBC}") = "Daily Report Project", "Daily Report Project\Daily Report Project.csproj", "{5DD7B870-D85C-4670-89F1-693DD6319F32}"
EndProject
Global
	GlobalSection(SolutionConfigurationPlatforms) = preSolution
		Debug|Any CPU = Debug|Any CPU
		Release|Any CPU = Release|Any CPU
	EndGlobalSection
	GlobalSection(ProjectConfigurationPlatforms) = postSolution
		{5DD7B870-D85C-4670-89F1-693DD6319F32}.Debug|Any CPU.ActiveCfg = Debug|Any CPU
		{5DD7B870-D85C-4670-89F1-693DD6319F32}.Debug|Any CPU.Build.0 = Debug|Any CPU
		{5DD7B870-D85C-4670-89F1-693DD6319F32}.Release|Any CPU.ActiveCfg = Release|Any CPU
		{5DD7B870-D85C-4670-89F1-693DD6319F32}.Release|Any CPU.Build.0 = Release|Any CPU
	EndGlobalSection
	GlobalSection(SolutionProperties) = preSolution
		HideSolutionNode = FALSE
	EndGlobalSection
	GlobalSection(ExtensibilityGlobals) = postSolution
		SolutionGuid = {3C1549F7-E4E7-4103-A411-0B2ED89FB5F0}
	EndGlobalSection
EndGlobal
