
Microsoft Visual Studio Solution File, Format Version 12.00
# Visual Studio 15
VisualStudioVersion = 15.0.28307.329
MinimumVisualStudioVersion = 10.0.40219.1
Project("{FAE04EC0-301F-11D3-BF4B-00C04F79EFBC}") = "InheritanceDrill", "InheritanceDrill\InheritanceDrill.csproj", "{557C9E83-6325-4AD7-8E29-72327DDC7A64}"
EndProject
Global
	GlobalSection(SolutionConfigurationPlatforms) = preSolution
		Debug|Any CPU = Debug|Any CPU
		Release|Any CPU = Release|Any CPU
	EndGlobalSection
	GlobalSection(ProjectConfigurationPlatforms) = postSolution
		{557C9E83-6325-4AD7-8E29-72327DDC7A64}.Debug|Any CPU.ActiveCfg = Debug|Any CPU
		{557C9E83-6325-4AD7-8E29-72327DDC7A64}.Debug|Any CPU.Build.0 = Debug|Any CPU
		{557C9E83-6325-4AD7-8E29-72327DDC7A64}.Release|Any CPU.ActiveCfg = Release|Any CPU
		{557C9E83-6325-4AD7-8E29-72327DDC7A64}.Release|Any CPU.Build.0 = Release|Any CPU
	EndGlobalSection
	GlobalSection(SolutionProperties) = preSolution
		HideSolutionNode = FALSE
	EndGlobalSection
	GlobalSection(ExtensibilityGlobals) = postSolution
		SolutionGuid = {704468DC-D976-4D23-9CE8-56532224D95B}
	EndGlobalSection
EndGlobal
