
Microsoft Visual Studio Solution File, Format Version 12.00
# Visual Studio 15
VisualStudioVersion = 15.0.28307.329
MinimumVisualStudioVersion = 10.0.40219.1
Project("{FAE04EC0-301F-11D3-BF4B-00C04F79EFBC}") = "OpOverloadDrill", "OpOverloadDrill\OpOverloadDrill.csproj", "{A6D1A85E-B73F-4A9A-BF63-3364271977B9}"
EndProject
Global
	GlobalSection(SolutionConfigurationPlatforms) = preSolution
		Debug|Any CPU = Debug|Any CPU
		Release|Any CPU = Release|Any CPU
	EndGlobalSection
	GlobalSection(ProjectConfigurationPlatforms) = postSolution
		{A6D1A85E-B73F-4A9A-BF63-3364271977B9}.Debug|Any CPU.ActiveCfg = Debug|Any CPU
		{A6D1A85E-B73F-4A9A-BF63-3364271977B9}.Debug|Any CPU.Build.0 = Debug|Any CPU
		{A6D1A85E-B73F-4A9A-BF63-3364271977B9}.Release|Any CPU.ActiveCfg = Release|Any CPU
		{A6D1A85E-B73F-4A9A-BF63-3364271977B9}.Release|Any CPU.Build.0 = Release|Any CPU
	EndGlobalSection
	GlobalSection(SolutionProperties) = preSolution
		HideSolutionNode = FALSE
	EndGlobalSection
	GlobalSection(ExtensibilityGlobals) = postSolution
		SolutionGuid = {12F2BF44-E408-4EE0-AFA7-098FD65F0665}
	EndGlobalSection
EndGlobal
