
Microsoft Visual Studio Solution File, Format Version 12.00
# Visual Studio 15
VisualStudioVersion = 15.0.28307.329
MinimumVisualStudioVersion = 10.0.40219.1
Project("{FAE04EC0-301F-11D3-BF4B-00C04F79EFBC}") = "MathAndComparisonOperators", "MathAndComparisonOperators\MathAndComparisonOperators.csproj", "{EF585687-D938-4C7C-96C5-FBBD4DE155BB}"
EndProject
Global
	GlobalSection(SolutionConfigurationPlatforms) = preSolution
		Debug|Any CPU = Debug|Any CPU
		Release|Any CPU = Release|Any CPU
	EndGlobalSection
	GlobalSection(ProjectConfigurationPlatforms) = postSolution
		{EF585687-D938-4C7C-96C5-FBBD4DE155BB}.Debug|Any CPU.ActiveCfg = Debug|Any CPU
		{EF585687-D938-4C7C-96C5-FBBD4DE155BB}.Debug|Any CPU.Build.0 = Debug|Any CPU
		{EF585687-D938-4C7C-96C5-FBBD4DE155BB}.Release|Any CPU.ActiveCfg = Release|Any CPU
		{EF585687-D938-4C7C-96C5-FBBD4DE155BB}.Release|Any CPU.Build.0 = Release|Any CPU
	EndGlobalSection
	GlobalSection(SolutionProperties) = preSolution
		HideSolutionNode = FALSE
	EndGlobalSection
	GlobalSection(ExtensibilityGlobals) = postSolution
		SolutionGuid = {320D5664-1ADF-4580-98D5-766A61CD36C6}
	EndGlobalSection
EndGlobal
