
Microsoft Visual Studio Solution File, Format Version 12.00
# Visual Studio 15
VisualStudioVersion = 15.0.28307.1000
MinimumVisualStudioVersion = 10.0.40219.1
Project("{FAE04EC0-301F-11D3-BF4B-00C04F79EFBC}") = "WebApplication2", "WebApplication2\WebApplication2.csproj", "{57E0CE99-2115-4F96-AD7C-80B864A888D5}"
EndProject
Global
	GlobalSection(SolutionConfigurationPlatforms) = preSolution
		Debug|Any CPU = Debug|Any CPU
		Release|Any CPU = Release|Any CPU
	EndGlobalSection
	GlobalSection(ProjectConfigurationPlatforms) = postSolution
		{57E0CE99-2115-4F96-AD7C-80B864A888D5}.Debug|Any CPU.ActiveCfg = Debug|Any CPU
		{57E0CE99-2115-4F96-AD7C-80B864A888D5}.Debug|Any CPU.Build.0 = Debug|Any CPU
		{57E0CE99-2115-4F96-AD7C-80B864A888D5}.Release|Any CPU.ActiveCfg = Release|Any CPU
		{57E0CE99-2115-4F96-AD7C-80B864A888D5}.Release|Any CPU.Build.0 = Release|Any CPU
	EndGlobalSection
	GlobalSection(SolutionProperties) = preSolution
		HideSolutionNode = FALSE
	EndGlobalSection
	GlobalSection(ExtensibilityGlobals) = postSolution
		SolutionGuid = {5C39A80A-F125-4B06-82F3-CD6A83ECD1AF}
	EndGlobalSection
EndGlobal
