
Microsoft Visual Studio Solution File, Format Version 12.00
# Visual Studio 15
VisualStudioVersion = 15.0.28307.329
MinimumVisualStudioVersion = 10.0.40219.1
Project("{FAE04EC0-301F-11D3-BF4B-00C04F79EFBC}") = "StructDrill1", "StructDrill1\StructDrill1.csproj", "{395A4D50-A5A3-4F77-8695-F6AB25C5FC46}"
EndProject
Global
	GlobalSection(SolutionConfigurationPlatforms) = preSolution
		Debug|Any CPU = Debug|Any CPU
		Release|Any CPU = Release|Any CPU
	EndGlobalSection
	GlobalSection(ProjectConfigurationPlatforms) = postSolution
		{395A4D50-A5A3-4F77-8695-F6AB25C5FC46}.Debug|Any CPU.ActiveCfg = Debug|Any CPU
		{395A4D50-A5A3-4F77-8695-F6AB25C5FC46}.Debug|Any CPU.Build.0 = Debug|Any CPU
		{395A4D50-A5A3-4F77-8695-F6AB25C5FC46}.Release|Any CPU.ActiveCfg = Release|Any CPU
		{395A4D50-A5A3-4F77-8695-F6AB25C5FC46}.Release|Any CPU.Build.0 = Release|Any CPU
	EndGlobalSection
	GlobalSection(SolutionProperties) = preSolution
		HideSolutionNode = FALSE
	EndGlobalSection
	GlobalSection(ExtensibilityGlobals) = postSolution
		SolutionGuid = {9DC4844A-33EA-4CBE-8E97-A108CA3B4B4F}
	EndGlobalSection
EndGlobal
